# This file is automatically @generated by Cargo.
# It is not intended for manual editing.
version = 4

[[package]]
name = "aho-corasick"
version = "1.1.4"
source = "registry+https://github.com/rust-lang/crates.io-index"
checksum = "ddd31a130427c27518df266943a5308ed92d4b226cc639f5a8f1002816174301"
dependencies = [
 "memchr",
]

[[package]]
name = "anyhow"
version = "1.0.102"
source = "registry+https://github.com/rust-lang/crates.io-index"
checksum = "7f202df86484c868dbad7eaa557ef785d5c66295e41b460ef922eca0723b842c"

[[package]]
name = "arrayvec"
version = "0.7.6"
source = "registry+https://github.com/rust-lang/crates.io-index"
checksum = "7c02d123df017efcdfbd739ef81735b36c5ba83ec3c59c80a9d7ecc718f92e50"

[[package]]
name = "as-slice"
version = "0.2.1"
source = "registry+https://github.com/rust-lang/crates.io-index"
checksum = "516b6b4f0e40d50dcda9365d53964ec74560ad4284da2e7fc97122cd83174516"
dependencies = [
 "stable_deref_trait",
]

[[package]]
name = "atomic-waker"
version = "1.1.2"
source = "registry+https://github.com/rust-lang/crates.io-index"
checksum = "1505bd5d3d116872e7271a6d4e16d81d0c8570876c8de68093a09ac269d8aac0"

[[package]]
name = "bare-metal"
version = "0.2.5"
source = "registry+https://github.com/rust-lang/crates.io-index"
checksum = "5deb64efa5bd81e31fcd1938615a6d98c82eafcbcd787162b6f63b91d6bac5b3"
dependencies = [
 "rustc_version",
]

[[package]]
name = "bare-metal"
version = "1.0.0"
source = "registry+https://github.com/rust-lang/crates.io-index"
checksum = "f8fe8f5a8a398345e52358e18ff07cc17a568fbca5c6f73873d3a62056309603"

[[package]]
name = "bindgen"
version = "0.72.1"
source = "registry+https://github.com/rust-lang/crates.io-index"
checksum = "993776b509cfb49c750f11b8f07a46fa23e0a1386ffc01fb1e7d343efc387895"
dependencies = [
 "bitflags 2.11.0",
 "cexpr",
 "clang-sys",
 "itertools",
 "prettyplease",
 "proc-macro2",
 "quote",
 "regex",
 "rustc-hash",
 "shlex",
 "syn",
]

[[package]]
name = "bitfield"
version = "0.13.2"
source = "registry+https://github.com/rust-lang/crates.io-index"
checksum = "46afbd2983a5d5a7bd740ccb198caf5b82f45c40c09c0eed36052d91cb92e719"

[[package]]
name = "bitflags"
version = "1.3.2"
source = "registry+https://github.com/rust-lang/crates.io-index"
checksum = "bef38d45163c2f1dde094a7dfd33ccf595c92905c8f8f4fdc18d06fb1037718a"

[[package]]
name = "bitflags"
version = "2.11.0"
source = "registry+https://github.com/rust-lang/crates.io-index"
checksum = "843867be96c8daad0d758b57df9392b6d8d271134fce549de6ce169ff98a92af"

[[package]]
name = "bxcan"
version = "0.7.0"
source = "registry+https://github.com/rust-lang/crates.io-index"
checksum = "40ac3d0c0a542d0ab5521211f873f62706a7136df415676f676d347e5a41dd80"
dependencies = [
 "bitflags 1.3.2",
 "embedded-hal",
 "nb 1.1.0",
 "vcell",
]

[[package]]
name = "cast"
version = "0.3.0"
source = "registry+https://github.com/rust-lang/crates.io-index"
checksum = "37b2a672a2cb129a2e41c10b1224bb368f9f37a2b16b612598138befd7b37eb5"

[[package]]
name = "cc"
version = "1.2.55"
source = "registry+https://github.com/rust-lang/crates.io-index"
checksum = "47b26a0954ae34af09b50f0de26458fa95369a0d478d8236d3f93082b219bd29"
dependencies = [
 "find-msvc-tools",
 "shlex",
]

[[package]]
name = "cexpr"
version = "0.6.0"
source = "registry+https://github.com/rust-lang/crates.io-index"
checksum = "6fac387a98bb7c37292057cffc56d62ecb629900026402633ae9160df93a8766"
dependencies = [
 "nom",
]

[[package]]
name = "cfg-if"
version = "1.0.4"
source = "registry+https://github.com/rust-lang/crates.io-index"
checksum = "9330f8b2ff13f34540b44e946ef35111825727b38d33286ef986142615121801"

[[package]]
name = "clang-sys"
version = "1.8.1"
source = "registry+https://github.com/rust-lang/crates.io-index"
checksum = "0b023947811758c97c59bf9d1c188fd619ad4718dcaa767947df1cadb14f39f4"
dependencies = [
 "glob",
 "libc",
 "libloading",
]

[[package]]
name = "cortex-m"
version = "0.7.7"
source = "registry+https://github.com/rust-lang/crates.io-index"
checksum = "8ec610d8f49840a5b376c69663b6369e71f4b34484b9b2eb29fb918d92516cb9"
dependencies = [
 "bare-metal 0.2.5",
 "bitfield",
 "critical-section",
 "embedded-hal",
 "volatile-register",
]

[[package]]
name = "cortex-m-rt"
version = "0.7.5"
source = "registry+https://github.com/rust-lang/crates.io-index"
checksum = "801d4dec46b34c299ccf6b036717ae0fce602faa4f4fe816d9013b9a7c9f5ba6"
dependencies = [
 "cortex-m-rt-macros",
]

[[package]]
name = "cortex-m-rt-macros"
version = "0.7.5"
source = "registry+https://github.com/rust-lang/crates.io-index"
checksum = "e37549a379a9e0e6e576fd208ee60394ccb8be963889eebba3ffe0980364f472"
dependencies = [
 "proc-macro2",
 "quote",
 "syn",
]

[[package]]
name = "critical-section"
version = "1.2.0"
source = "registry+https://github.com/rust-lang/crates.io-index"
checksum = "790eea4361631c5e7d22598ecd5723ff611904e3344ce8720784c93e3d83d40b"

[[package]]
name = "deranged"
version = "0.5.5"
source = "registry+https://github.com/rust-lang/crates.io-index"
checksum = "ececcb659e7ba858fb4f10388c250a7252eb0a27373f1a72b8748afdd248e587"
dependencies = [
 "powerfmt",
]

[[package]]
name = "either"
version = "1.15.0"
source = "registry+https://github.com/rust-lang/crates.io-index"
checksum = "48c757948c5ede0e46177b7add2e67155f70e33c07fea8284df6576da70b3719"

[[package]]
name = "embedded-hal"
version = "0.2.7"
source = "registry+https://github.com/rust-lang/crates.io-index"
checksum = "35949884794ad573cf46071e41c9b60efb0cb311e3ca01f7af807af1debc66ff"
dependencies = [
 "nb 0.1.3",
 "void",
]

[[package]]
name = "embedded-io"
version = "0.7.1"
source = "registry+https://github.com/rust-lang/crates.io-index"
checksum = "9eb1aa714776b75c7e67e1da744b81a129b3ff919c8712b5e1b32252c1f07cc7"

[[package]]
name = "embedded-io-async"
version = "0.7.0"
source = "registry+https://github.com/rust-lang/crates.io-index"
checksum = "2564b9f813c544241430e147d8bc454815ef9ac998878d30cc3055449f7fd4c0"
dependencies = [
 "embedded-io",
]

[[package]]
name = "equivalent"
version = "1.0.2"
source = "registry+https://github.com/rust-lang/crates.io-index"
checksum = "877a4ace8713b0bcf2a4e7eec82529c029f1d0619886d18145fea96c3ffe5c0f"

[[package]]
name = "examples-common"
version = "0.0.0"
dependencies = [
 "embedded-io-async",
 "futures",
 "serde",
 "veecle-os",
]

[[package]]
name = "examples-freertos-stm32"
version = "0.0.0"
dependencies = [
 "cortex-m",
 "cortex-m-rt",
 "examples-common",
 "panic-halt",
 "stm32f7xx-hal",
 "veecle-freertos-integration",
 "veecle-os",
]

[[package]]
name = "find-msvc-tools"
version = "0.1.9"
source = "registry+https://github.com/rust-lang/crates.io-index"
checksum = "5baebc0774151f905a1a2cc41989300b1e6fbb29aff0ceffa1064fdd3088d582"

[[package]]
name = "fugit"
version = "0.3.9"
source = "registry+https://github.com/rust-lang/crates.io-index"
checksum = "4e639847d312d9a82d2e75b0edcc1e934efcc64e6cb7aa94f0b1fbec0bc231d6"
dependencies = [
 "gcd",
]

[[package]]
name = "fugit-timer"
version = "0.1.3"
source = "registry+https://github.com/rust-lang/crates.io-index"
checksum = "d9607bfc4c388f9d629704f56ede4a007546cad417b3bcd6fc7c87dc7edce04a"
dependencies = [
 "fugit",
 "nb 1.1.0",
]

[[package]]
name = "futures"
version = "0.3.32"
source = "registry+https://github.com/rust-lang/crates.io-index"
checksum = "8b147ee9d1f6d097cef9ce628cd2ee62288d963e16fb287bd9286455b241382d"
dependencies = [
 "futures-channel",
 "futures-core",
 "futures-io",
 "futures-sink",
 "futures-task",
 "futures-util",
]

[[package]]
name = "futures-channel"
version = "0.3.32"
source = "registry+https://github.com/rust-lang/crates.io-index"
checksum = "07bbe89c50d7a535e539b8c17bc0b49bdb77747034daa8087407d655f3f7cc1d"
dependencies = [
 "futures-core",
 "futures-sink",
]

[[package]]
name = "futures-core"
version = "0.3.32"
source = "registry+https://github.com/rust-lang/crates.io-index"
checksum = "7e3450815272ef58cec6d564423f6e755e25379b217b0bc688e295ba24df6b1d"

[[package]]
name = "futures-io"
version = "0.3.32"
source = "registry+https://github.com/rust-lang/crates.io-index"
checksum = "cecba35d7ad927e23624b22ad55235f2239cfa44fd10428eecbeba6d6a717718"

[[package]]
name = "futures-macro"
version = "0.3.32"
source = "registry+https://github.com/rust-lang/crates.io-index"
checksum = "e835b70203e41293343137df5c0664546da5745f82ec9b84d40be8336958447b"
dependencies = [
 "proc-macro2",
 "quote",
 "syn",
]

[[package]]
name = "futures-sink"
version = "0.3.32"
source = "registry+https://github.com/rust-lang/crates.io-index"
checksum = "c39754e157331b013978ec91992bde1ac089843443c49cbc7f46150b0fad0893"

[[package]]
name = "futures-task"
version = "0.3.32"
source = "registry+https://github.com/rust-lang/crates.io-index"
checksum = "037711b3d59c33004d3856fbdc83b99d4ff37a24768fa1be9ce3538a1cde4393"

[[package]]
name = "futures-util"
version = "0.3.32"
source = "registry+https://github.com/rust-lang/crates.io-index"
checksum = "389ca41296e6190b48053de0321d02a77f32f8a5d2461dd38762c0593805c6d6"
dependencies = [
 "futures-core",
 "futures-macro",
 "futures-sink",
 "futures-task",
 "pin-project-lite",
]

[[package]]
name = "gcd"
version = "2.3.0"
source = "registry+https://github.com/rust-lang/crates.io-index"
checksum = "1d758ba1b47b00caf47f24925c0074ecb20d6dfcffe7f6d53395c0465674841a"

[[package]]
name = "generic-array"
version = "1.3.5"
source = "registry+https://github.com/rust-lang/crates.io-index"
checksum = "eaf57c49a95fd1fe24b90b3033bee6dc7e8f1288d51494cb44e627c295e38542"
dependencies = [
 "rustversion",
 "typenum",
]

[[package]]
name = "glob"
version = "0.3.3"
source = "registry+https://github.com/rust-lang/crates.io-index"
checksum = "0cc23270f6e1808e30a928bdc84dea0b9b4136a8bc82338574f23baf47bbd280"

[[package]]
name = "hashbrown"
version = "0.16.1"
source = "registry+https://github.com/rust-lang/crates.io-index"
checksum = "841d1cc9bed7f9236f321df977030373f4a4163ae1a7dbfe1a51a2c1a51d9100"

[[package]]
name = "heck"
version = "0.5.0"
source = "registry+https://github.com/rust-lang/crates.io-index"
checksum = "2304e00983f87ffb38b55b444b5e3b60a884b5d30c0fca7d82fe33449bbe55ea"

[[package]]
name = "hex"
version = "0.4.3"
source = "registry+https://github.com/rust-lang/crates.io-index"
checksum = "7f24254aa9a54b5c858eaee2f5bccdb46aaf0e486a595ed5fd8f86ba55232a70"
dependencies = [
 "serde",
]

[[package]]
name = "indexmap"
version = "2.13.0"
source = "registry+https://github.com/rust-lang/crates.io-index"
checksum = "7714e70437a7dc3ac8eb7e6f8df75fd8eb422675fc7678aff7364301092b1017"
dependencies = [
 "equivalent",
 "hashbrown",
]

[[package]]
name = "itertools"
version = "0.13.0"
source = "registry+https://github.com/rust-lang/crates.io-index"
checksum = "413ee7dfc52ee1a4949ceeb7dbc8a33f2d6c088194d9f922fb8318faf1f01186"
dependencies = [
 "either",
]

[[package]]
name = "itoa"
version = "1.0.17"
source = "registry+https://github.com/rust-lang/crates.io-index"
checksum = "92ecc6618181def0457392ccd0ee51198e065e016d1d527a7ac1b6dc7c1f09d2"

[[package]]
name = "libc"
version = "0.2.182"
source = "registry+https://github.com/rust-lang/crates.io-index"
checksum = "6800badb6cb2082ffd7b6a67e6125bb39f18782f793520caee8cb8846be06112"

[[package]]
name = "libloading"
version = "0.8.9"
source = "registry+https://github.com/rust-lang/crates.io-index"
checksum = "d7c4b02199fee7c5d21a5ae7d8cfa79a6ef5bb2fc834d6e9058e89c825efdc55"
dependencies = [
 "cfg-if",
 "windows-link",
]

[[package]]
name = "memchr"
version = "2.8.0"
source = "registry+https://github.com/rust-lang/crates.io-index"
checksum = "f8ca58f447f06ed17d5fc4043ce1b10dd205e060fb3ce5b979b8ed8e59ff3f79"

[[package]]
name = "micromath"
version = "2.1.0"
source = "registry+https://github.com/rust-lang/crates.io-index"
checksum = "c3c8dda44ff03a2f238717214da50f65d5a53b45cd213a7370424ffdb6fae815"

[[package]]
name = "minimal-lexical"
version = "0.2.1"
source = "registry+https://github.com/rust-lang/crates.io-index"
checksum = "68354c5c6bd36d73ff3feceb05efa59b6acb7626617f4962be322a825e61f79a"

[[package]]
name = "nb"
version = "0.1.3"
source = "registry+https://github.com/rust-lang/crates.io-index"
checksum = "801d31da0513b6ec5214e9bf433a77966320625a37860f910be265be6e18d06f"
dependencies = [
 "nb 1.1.0",
]

[[package]]
name = "nb"
version = "1.1.0"
source = "registry+https://github.com/rust-lang/crates.io-index"
checksum = "8d5439c4ad607c3c23abf66de8c8bf57ba8adcd1f129e699851a6e43935d339d"

[[package]]
name = "nom"
version = "7.1.3"
source = "registry+https://github.com/rust-lang/crates.io-index"
checksum = "d273983c5a657a70a3e8f2a01329822f3b8c8172b73826411a55751e404a0a4a"
dependencies = [
 "memchr",
 "minimal-lexical",
]

[[package]]
name = "num-conv"
version = "0.2.0"
source = "registry+https://github.com/rust-lang/crates.io-index"
checksum = "cf97ec579c3c42f953ef76dbf8d55ac91fb219dde70e49aa4a6b7d74e9919050"

[[package]]
name = "panic-halt"
version = "1.0.0"
source = "registry+https://github.com/rust-lang/crates.io-index"
checksum = "a513e167849a384b7f9b746e517604398518590a9142f4846a32e3c2a4de7b11"

[[package]]
name = "pin-cell"
version = "0.2.0"
source = "registry+https://github.com/rust-lang/crates.io-index"
checksum = "e1f4c4ebd3c5f82080164b7d9cc8e505cd9536fda8c750b779daceb4b7180a7b"

[[package]]
name = "pin-project"
version = "1.1.10"
source = "registry+https://github.com/rust-lang/crates.io-index"
checksum = "677f1add503faace112b9f1373e43e9e054bfdd22ff1a63c1bc485eaec6a6a8a"
dependencies = [
 "pin-project-internal",
]

[[package]]
name = "pin-project-internal"
version = "1.1.10"
source = "registry+https://github.com/rust-lang/crates.io-index"
checksum = "6e918e4ff8c4549eb882f14b3a4bc8c8bc93de829416eacf579f1207a8fbf861"
dependencies = [
 "proc-macro2",
 "quote",
 "syn",
]

[[package]]
name = "pin-project-lite"
version = "0.2.16"
source = "registry+https://github.com/rust-lang/crates.io-index"
checksum = "3b3cff922bd51709b605d9ead9aa71031d81447142d828eb4a6eba76fe619f9b"

[[package]]
name = "portable-atomic"
version = "1.13.1"
source = "registry+https://github.com/rust-lang/crates.io-index"
checksum = "c33a9471896f1c69cecef8d20cbe2f7accd12527ce60845ff44c153bb2a21b49"

[[package]]
name = "powerfmt"
version = "0.2.0"
source = "registry+https://github.com/rust-lang/crates.io-index"
checksum = "439ee305def115ba05938db6eb1644ff94165c5ab5e9420d1c1bcedbba909391"

[[package]]
name = "prettyplease"
version = "0.2.37"
source = "registry+https://github.com/rust-lang/crates.io-index"
checksum = "479ca8adacdd7ce8f1fb39ce9ecccbfe93a3f1344b3d0d97f20bc0196208f62b"
dependencies = [
 "proc-macro2",
 "syn",
]

[[package]]
name = "proc-macro-crate"
version = "3.4.0"
source = "registry+https://github.com/rust-lang/crates.io-index"
checksum = "219cb19e96be00ab2e37d6e299658a0cfa83e52429179969b0f0121b4ac46983"
dependencies = [
 "toml_edit",
]

[[package]]
name = "proc-macro2"
version = "1.0.106"
source = "registry+https://github.com/rust-lang/crates.io-index"
checksum = "8fd00f0bb2e90d81d1044c2b32617f68fcb9fa3bb7640c23e9c748e53fb30934"
dependencies = [
 "unicode-ident",
]

[[package]]
name = "quote"
version = "1.0.44"
source = "registry+https://github.com/rust-lang/crates.io-index"
checksum = "21b2ebcf727b7760c461f091f9f0f539b77b8e87f2fd88131e7f1b433b3cece4"
dependencies = [
 "proc-macro2",
]

[[package]]
name = "rand"
version = "0.10.0"
source = "registry+https://github.com/rust-lang/crates.io-index"
checksum = "bc266eb313df6c5c09c1c7b1fbe2510961e5bcd3add930c1e31f7ed9da0feff8"
dependencies = [
 "rand_core 0.10.0",
]

[[package]]
name = "rand_core"
version = "0.6.4"
source = "registry+https://github.com/rust-lang/crates.io-index"
checksum = "ec0be4795e2f6a28069bec0b5ff3e2ac9bafc99e6a9a7dc3547996c5c816922c"

[[package]]
name = "rand_core"
version = "0.10.0"
source = "registry+https://github.com/rust-lang/crates.io-index"
checksum = "0c8d0fd677905edcbeedbf2edb6494d676f0e98d54d5cf9bda0b061cb8fb8aba"

[[package]]
name = "regex"
version = "1.12.3"
source = "registry+https://github.com/rust-lang/crates.io-index"
checksum = "e10754a14b9137dd7b1e3e5b0493cc9171fdd105e0ab477f51b72e7f3ac0e276"
dependencies = [
 "aho-corasick",
 "memchr",
 "regex-automata",
 "regex-syntax",
]

[[package]]
name = "regex-automata"
version = "0.4.14"
source = "registry+https://github.com/rust-lang/crates.io-index"
checksum = "6e1dd4122fc1595e8162618945476892eefca7b88c52820e74af6262213cae8f"
dependencies = [
 "aho-corasick",
 "memchr",
 "regex-syntax",
]

[[package]]
name = "regex-syntax"
version = "0.8.9"
source = "registry+https://github.com/rust-lang/crates.io-index"
checksum = "a96887878f22d7bad8a3b6dc5b7440e0ada9a245242924394987b21cf2210a4c"

[[package]]
name = "rtt-target"
version = "0.6.2"
source = "registry+https://github.com/rust-lang/crates.io-index"
checksum = "e7afed1f4302eeba88c601636cf2c554c45e1cbb464bab44c6012bab0e71473c"
dependencies = [
 "critical-section",
 "portable-atomic",
 "ufmt-write",
]

[[package]]
name = "rustc-hash"
version = "2.1.1"
source = "registry+https://github.com/rust-lang/crates.io-index"
checksum = "357703d41365b4b27c590e3ed91eabb1b663f07c4c084095e60cbed4362dff0d"

[[package]]
name = "rustc_version"
version = "0.2.3"
source = "registry+https://github.com/rust-lang/crates.io-index"
checksum = "138e3e0acb6c9fb258b19b67cb8abd63c00679d2851805ea151465464fe9030a"
dependencies = [
 "semver",
]

[[package]]
name = "rustversion"
version = "1.0.22"
source = "registry+https://github.com/rust-lang/crates.io-index"
checksum = "b39cdef0fa800fc44525c84ccb54a029961a8215f9619753635a9c0d2538d46d"

[[package]]
name = "same-file"
version = "1.0.6"
source = "registry+https://github.com/rust-lang/crates.io-index"
checksum = "93fc1dc3aaa9bfed95e02e6eadabb4baf7e3078b0bd1b4d7b6b0b68378900502"
dependencies = [
 "winapi-util",
]

[[package]]
name = "semver"
version = "0.9.0"
source = "registry+https://github.com/rust-lang/crates.io-index"
checksum = "1d7eb9ef2c18661902cc47e535f9bc51b78acd254da71d375c2f6720d9a40403"
dependencies = [
 "semver-parser",
]

[[package]]
name = "semver-parser"
version = "0.7.0"
source = "registry+https://github.com/rust-lang/crates.io-index"
checksum = "388a1df253eca08550bef6c72392cfe7c30914bf41df5269b68cbd6ff8f570a3"

[[package]]
name = "serde"
version = "1.0.228"
source = "registry+https://github.com/rust-lang/crates.io-index"
checksum = "9a8e94ea7f378bd32cbbd37198a4a91436180c5bb472411e48b5ec2e2124ae9e"
dependencies = [
 "serde_core",
 "serde_derive",
]

[[package]]
name = "serde_core"
version = "1.0.228"
source = "registry+https://github.com/rust-lang/crates.io-index"
checksum = "41d385c7d4ca58e59fc732af25c3983b67ac852c1a25000afe1175de458b67ad"
dependencies = [
 "serde_derive",
]

[[package]]
name = "serde_derive"
version = "1.0.228"
source = "registry+https://github.com/rust-lang/crates.io-index"
checksum = "d540f220d3187173da220f885ab66608367b6574e925011a9353e4badda91d79"
dependencies = [
 "proc-macro2",
 "quote",
 "syn",
]

[[package]]
name = "serde_json"
version = "1.0.149"
source = "registry+https://github.com/rust-lang/crates.io-index"
checksum = "83fc039473c5595ace860d8c4fafa220ff474b3fc6bfdb4293327f1a37e94d86"
dependencies = [
 "itoa",
 "memchr",
 "serde",
 "serde_core",
 "zmij",
]

[[package]]
name = "shlex"
version = "1.3.0"
source = "registry+https://github.com/rust-lang/crates.io-index"
checksum = "0fda2ff0d084019ba4d7c6f371c95d8fd75ce3524c3cb8fb653a3023f6323e64"

[[package]]
name = "stable_deref_trait"
version = "1.2.1"
source = "registry+https://github.com/rust-lang/crates.io-index"
checksum = "6ce2be8dc25455e1f91df71bfa12ad37d7af1092ae736f3a6cd0e37bc7810596"

[[package]]
name = "stm32-fmc"
version = "0.3.2"
source = "registry+https://github.com/rust-lang/crates.io-index"
checksum = "c7f0639399e2307c2446c54d91d4f1596343a1e1d5cab605b9cce11d0ab3858c"
dependencies = [
 "embedded-hal",
]

[[package]]
name = "stm32f7"
version = "0.15.1"
source = "registry+https://github.com/rust-lang/crates.io-index"
checksum = "194f877786053e5797371d084cc9dd6dc5d70f45470550af944013a298e7db9f"
dependencies = [
 "bare-metal 1.0.0",
 "cortex-m",
 "cortex-m-rt",
 "vcell",
]

[[package]]
name = "stm32f7xx-hal"
version = "0.8.0"
source = "registry+https://github.com/rust-lang/crates.io-index"
checksum = "864a474a57e6a9c51482358a239eef920752526aea85ce20adb1bb621c36b889"
dependencies = [
 "as-slice",
 "bare-metal 1.0.0",
 "bitflags 2.11.0",
 "bxcan",
 "cast",
 "cortex-m",
 "cortex-m-rt",
 "embedded-hal",
 "fugit",
 "fugit-timer",
 "micromath",
 "nb 1.1.0",
 "rand_core 0.6.4",
 "stm32-fmc",
 "stm32f7",
 "time",
 "void",
]

[[package]]
name = "syn"
version = "2.0.117"
source = "registry+https://github.com/rust-lang/crates.io-index"
checksum = "e665b8803e7b1d2a727f4023456bbbbe74da67099c585258af0ad9c5013b9b99"
dependencies = [
 "proc-macro2",
 "quote",
 "unicode-ident",
]

[[package]]
name = "time"
version = "0.3.47"
source = "registry+https://github.com/rust-lang/crates.io-index"
checksum = "743bd48c283afc0388f9b8827b976905fb217ad9e647fae3a379a9283c4def2c"
dependencies = [
 "deranged",
 "num-conv",
 "powerfmt",
 "time-core",
]

[[package]]
name = "time-core"
version = "0.1.8"
source = "registry+https://github.com/rust-lang/crates.io-index"
checksum = "7694e1cfe791f8d31026952abf09c69ca6f6fa4e1a1229e18988f06a04a12dca"

[[package]]
name = "toml_datetime"
version = "0.7.5+spec-1.1.0"
source = "registry+https://github.com/rust-lang/crates.io-index"
checksum = "92e1cfed4a3038bc5a127e35a2d360f145e1f4b971b551a2ba5fd7aedf7e1347"
dependencies = [
 "serde_core",
]

[[package]]
name = "toml_edit"
version = "0.23.10+spec-1.0.0"
source = "registry+https://github.com/rust-lang/crates.io-index"
checksum = "84c8b9f757e028cee9fa244aea147aab2a9ec09d5325a9b01e0a49730c2b5269"
dependencies = [
 "indexmap",
 "toml_datetime",
 "toml_parser",
 "winnow",
]

[[package]]
name = "toml_parser"
version = "1.0.6+spec-1.1.0"
source = "registry+https://github.com/rust-lang/crates.io-index"
checksum = "a3198b4b0a8e11f09dd03e133c0280504d0801269e9afa46362ffde1cbeebf44"
dependencies = [
 "winnow",
]

[[package]]
name = "typenum"
version = "1.19.0"
source = "registry+https://github.com/rust-lang/crates.io-index"
checksum = "562d481066bde0658276a35467c4af00bdc6ee726305698a55b86e61d7ad82bb"

[[package]]
name = "ufmt-write"
version = "0.1.0"
source = "registry+https://github.com/rust-lang/crates.io-index"
checksum = "e87a2ed6b42ec5e28cc3b94c09982969e9227600b2e3dcbc1db927a84c06bd69"

[[package]]
name = "unicode-ident"
version = "1.0.24"
source = "registry+https://github.com/rust-lang/crates.io-index"
checksum = "e6e4313cd5fcd3dad5cafa179702e2b244f760991f45397d14d4ebf38247da75"

[[package]]
name = "vcell"
version = "0.1.3"
source = "registry+https://github.com/rust-lang/crates.io-index"
checksum = "77439c1b53d2303b20d9459b1ade71a83c716e3f9c34f3228c00e6f185d6c002"

[[package]]
name = "veecle-freertos-integration"
version = "0.1.2"
source = "registry+https://github.com/rust-lang/crates.io-index"
checksum = "155f79e106902cd81823df4b01a24c798a4858f23a5fbfc9769ebd33d5f7ad30"
dependencies = [
 "atomic-waker",
 "regex",
 "veecle-freertos-sys",
]

[[package]]
name = "veecle-freertos-sys"
version = "0.1.2"
source = "registry+https://github.com/rust-lang/crates.io-index"
checksum = "f5937181242d9531dd85d7f38656e43fd6d9eff9c0aac0e67744859271251b19"
dependencies = [
 "anyhow",
 "bindgen",
 "cc",
 "walkdir",
]

[[package]]
name = "veecle-os"
version = "0.1.0"
dependencies = [
 "veecle-os-runtime",
 "veecle-osal-api",
 "veecle-osal-freertos",
 "veecle-telemetry",
]

[[package]]
name = "veecle-os-runtime"
version = "0.1.0"
dependencies = [
 "futures",
 "generic-array",
 "pin-cell",
 "pin-project",
 "stable_deref_trait",
 "typenum",
 "veecle-os-runtime-macros",
 "veecle-telemetry",
 "wakerset",
]

[[package]]
name = "veecle-os-runtime-macros"
version = "0.1.0"
dependencies = [
 "heck",
 "proc-macro-crate",
 "proc-macro2",
 "quote",
 "syn",
]

[[package]]
name = "veecle-osal-api"
version = "0.1.0"
dependencies = [
 "embedded-io-async",
 "futures",
 "serde",
]

[[package]]
name = "veecle-osal-freertos"
version = "0.1.0"
dependencies = [
 "futures",
 "rtt-target",
 "veecle-freertos-integration",
 "veecle-osal-api",
]

[[package]]
name = "veecle-telemetry"
version = "0.1.0"
dependencies = [
 "hex",
 "pin-project",
 "rand",
 "serde",
 "serde_json",
 "veecle-osal-api",
 "veecle-telemetry-macros",
]

[[package]]
name = "veecle-telemetry-macros"
version = "0.1.0"
dependencies = [
 "proc-macro-crate",
 "proc-macro2",
 "quote",
 "syn",
]

[[package]]
name = "void"
version = "1.0.2"
source = "registry+https://github.com/rust-lang/crates.io-index"
checksum = "6a02e4885ed3bc0f2de90ea6dd45ebcbb66dacffe03547fadbb0eeae2770887d"

[[package]]
name = "volatile-register"
version = "0.2.2"
source = "registry+https://github.com/rust-lang/crates.io-index"
checksum = "de437e2a6208b014ab52972a27e59b33fa2920d3e00fe05026167a1c509d19cc"
dependencies = [
 "vcell",
]

[[package]]
name = "wakerset"
version = "0.2.5"
source = "registry+https://github.com/rust-lang/crates.io-index"
checksum = "f434542e8bd0e49c3510ed64ac744e81e542d709a2385aa785fdb317ed284a48"
dependencies = [
 "arrayvec",
]

[[package]]
name = "walkdir"
version = "2.5.0"
source = "registry+https://github.com/rust-lang/crates.io-index"
checksum = "29790946404f91d9c5d06f9874efddea1dc06c5efe94541a7d6863108e3a5e4b"
dependencies = [
 "same-file",
 "winapi-util",
]

[[package]]
name = "winapi-util"
version = "0.1.11"
source = "registry+https://github.com/rust-lang/crates.io-index"
checksum = "c2a7b1c03c876122aa43f3020e6c3c3ee5c05081c9a00739faf7503aeba10d22"
dependencies = [
 "windows-sys",
]

[[package]]
name = "windows-link"
version = "0.2.1"
source = "registry+https://github.com/rust-lang/crates.io-index"
checksum = "f0805222e57f7521d6a62e36fa9163bc891acd422f971defe97d64e70d0a4fe5"

[[package]]
name = "windows-sys"
version = "0.61.2"
source = "registry+https://github.com/rust-lang/crates.io-index"
checksum = "ae137229bcbd6cdf0f7b80a31df61766145077ddf49416a728b02cb3921ff3fc"
dependencies = [
 "windows-link",
]

[[package]]
name = "winnow"
version = "0.7.14"
source = "registry+https://github.com/rust-lang/crates.io-index"
checksum = "5a5364e9d77fcdeeaa6062ced926ee3381faa2ee02d3eb83a5c27a8825540829"
dependencies = [
 "memchr",
]

[[package]]
name = "zmij"
version = "1.0.20"
source = "registry+https://github.com/rust-lang/crates.io-index"
checksum = "4de98dfa5d5b7fef4ee834d0073d560c9ca7b6c46a71d058c48db7960f8cfaf7"
